
Microsoft Visual Studio Solution File, Format Version 12.00
# Visual Studio Version 17
VisualStudioVersion = 17.9.34723.18
MinimumVisualStudioVersion = 10.0.40219.1
Project("{FAE04EC0-301F-11D3-BF4B-00C04F79EFBC}") = "SupermarketApp", "SupermarketApp\SupermarketApp.csproj", "{CCD1BD61-745D-416E-965D-C61DC013364A}"
EndProject
Global
	GlobalSection(SolutionConfigurationPlatforms) = preSolution
		Debug|Any CPU = Debug|Any CPU
		Release|Any CPU = Release|Any CPU
	EndGlobalSection
	GlobalSection(ProjectConfigurationPlatforms) = postSolution
		{CCD1BD61-745D-416E-965D-C61DC013364A}.Debug|Any CPU.ActiveCfg = Debug|Any CPU
		{CCD1BD61-745D-416E-965D-C61DC013364A}.Debug|Any CPU.Build.0 = Debug|Any CPU
		{CCD1BD61-745D-416E-965D-C61DC013364A}.Release|Any CPU.ActiveCfg = Release|Any CPU
		{CCD1BD61-745D-416E-965D-C61DC013364A}.Release|Any CPU.Build.0 = Release|Any CPU
	EndGlobalSection
	GlobalSection(SolutionProperties) = preSolution
		HideSolutionNode = FALSE
	EndGlobalSection
	GlobalSection(ExtensibilityGlobals) = postSolution
		SolutionGuid = {3867EB49-411E-4BE4-9B62-14EC289F0D94}
	EndGlobalSection
EndGlobal
